
Microsoft Visual Studio Solution File, Format Version 12.00
# Visual Studio Version 16
VisualStudioVersion = 16.0.28803.352
MinimumVisualStudioVersion = 10.0.40219.1
Project("{FAE04EC0-301F-11D3-BF4B-00C04F79EFBC}") = "RomanConverter", "RomanConverter\RomanConverter.csproj", "{BC128757-8CE8-48BA-9946-A321F89C217A}"
EndProject
Project("{FAE04EC0-301F-11D3-BF4B-00C04F79EFBC}") = "RomanConverter.Tests", "RomanConverter.Tests\RomanConverter.Tests.csproj", "{FBBA787D-11A4-426F-9D4A-EB7D8E38B8EC}"
EndProject
Global
	GlobalSection(SolutionConfigurationPlatforms) = preSolution
		Debug|Any CPU = Debug|Any CPU
		Release|Any CPU = Release|Any CPU
	EndGlobalSection
	GlobalSection(ProjectConfigurationPlatforms) = postSolution
		{BC128757-8CE8-48BA-9946-A321F89C217A}.Debug|Any CPU.ActiveCfg = Debug|Any CPU
		{BC128757-8CE8-48BA-9946-A321F89C217A}.Debug|Any CPU.Build.0 = Debug|Any CPU
		{BC128757-8CE8-48BA-9946-A321F89C217A}.Release|Any CPU.ActiveCfg = Release|Any CPU
		{BC128757-8CE8-48BA-9946-A321F89C217A}.Release|Any CPU.Build.0 = Release|Any CPU
		{FBBA787D-11A4-426F-9D4A-EB7D8E38B8EC}.Debug|Any CPU.ActiveCfg = Debug|Any CPU
		{FBBA787D-11A4-426F-9D4A-EB7D8E38B8EC}.Debug|Any CPU.Build.0 = Debug|Any CPU
		{FBBA787D-11A4-426F-9D4A-EB7D8E38B8EC}.Release|Any CPU.ActiveCfg = Release|Any CPU
		{FBBA787D-11A4-426F-9D4A-EB7D8E38B8EC}.Release|Any CPU.Build.0 = Release|Any CPU
	EndGlobalSection
	GlobalSection(SolutionProperties) = preSolution
		HideSolutionNode = FALSE
	EndGlobalSection
	GlobalSection(ExtensibilityGlobals) = postSolution
		SolutionGuid = {8AB31A4A-E631-4AE7-B58B-8EEC9CA3D254}
	EndGlobalSection
EndGlobal
